
Microsoft Visual Studio Solution File, Format Version 12.00
# Visual Studio Version 17
VisualStudioVersion = 17.7.34221.43
MinimumVisualStudioVersion = 10.0.40219.1
Project("{FAE04EC0-301F-11D3-BF4B-00C04F79EFBC}") = "21uvarov", "21uvarov\21uvarov.csproj", "{98B9E5B7-58DD-4BFE-B612-D8549B11FD61}"
EndProject
Global
	GlobalSection(SolutionConfigurationPlatforms) = preSolution
		Debug|Any CPU = Debug|Any CPU
		Release|Any CPU = Release|Any CPU
	EndGlobalSection
	GlobalSection(ProjectConfigurationPlatforms) = postSolution
		{98B9E5B7-58DD-4BFE-B612-D8549B11FD61}.Debug|Any CPU.ActiveCfg = Debug|Any CPU
		{98B9E5B7-58DD-4BFE-B612-D8549B11FD61}.Debug|Any CPU.Build.0 = Debug|Any CPU
		{98B9E5B7-58DD-4BFE-B612-D8549B11FD61}.Release|Any CPU.ActiveCfg = Release|Any CPU
		{98B9E5B7-58DD-4BFE-B612-D8549B11FD61}.Release|Any CPU.Build.0 = Release|Any CPU
	EndGlobalSection
	GlobalSection(SolutionProperties) = preSolution
		HideSolutionNode = FALSE
	EndGlobalSection
	GlobalSection(ExtensibilityGlobals) = postSolution
		SolutionGuid = {79E2F126-1E83-463E-8C25-7E8F73D02DC8}
	EndGlobalSection
EndGlobal
